// !$*UTF8*$!
{
	archiveVersion = 1;
	classes = {
	};
	objectVersion = 50;
	objects = {

/* Begin PBXBuildFile section */
		3BE8C4D21AD2FF94B2740CAB /* Pods_DemoGifBrowserTests.framework in Frameworks */ = {isa = PBXBuildFile; fileRef = CF151D48D7F01BA6D09ADD74 /* Pods_DemoGifBrowserTests.framework */; };
		40C6C9E3BFC6CE8EEAED25B1 /* Pods_DemoGifBrowserUITests.framework in Frameworks */ = {isa = PBXBuildFile; fileRef = 35DFE2B40D3C8CC8B57EDF3C /* Pods_DemoGifBrowserUITests.framework */; };
		75C43CAD20FA5CAC00C14091 /* AppDelegate.swift in Sources */ = {isa = PBXBuildFile; fileRef = 75C43CAC20FA5CAC00C14091 /* AppDelegate.swift */; };
		75C43CCD20FA5CAF00C14091 /* DemoGifBrowserUITests.swift in Sources */ = {isa = PBXBuildFile; fileRef = 75C43CCC20FA5CAF00C14091 /* DemoGifBrowserUITests.swift */; };
		75C43CED20FA5DFD00C14091 /* AppCoordinator.swift in Sources */ = {isa = PBXBuildFile; fileRef = 75C43CEC20FA5DFD00C14091 /* AppCoordinator.swift */; };
		75C43CEF20FA5E0900C14091 /* AppFactory.swift in Sources */ = {isa = PBXBuildFile; fileRef = 75C43CEE20FA5E0900C14091 /* AppFactory.swift */; };
		75C43CF120FA5E2600C14091 /* GifItem.swift in Sources */ = {isa = PBXBuildFile; fileRef = 75C43CF020FA5E2600C14091 /* GifItem.swift */; };
		75C43CF320FA5E3000C14091 /* Networking.swift in Sources */ = {isa = PBXBuildFile; fileRef = 75C43CF220FA5E3000C14091 /* Networking.swift */; };
		75C43CF520FA5E4500C14091 /* GiphyService.swift in Sources */ = {isa = PBXBuildFile; fileRef = 75C43CF420FA5E4500C14091 /* GiphyService.swift */; };
		75C43CF920FA5E6000C14091 /* GridViewModel.swift in Sources */ = {isa = PBXBuildFile; fileRef = 75C43CF820FA5E6000C14091 /* GridViewModel.swift */; };
		75C43CFD20FA5E7600C14091 /* DetailViewModel.swift in Sources */ = {isa = PBXBuildFile; fileRef = 75C43CFC20FA5E7600C14091 /* DetailViewModel.swift */; };
		75C43D0020FA5ED300C14091 /* GridCollectionViewCell.swift in Sources */ = {isa = PBXBuildFile; fileRef = 75C43CFF20FA5ED300C14091 /* GridCollectionViewCell.swift */; };
		75C43D0520FA5F0D00C14091 /* GridViewController.swift in Sources */ = {isa = PBXBuildFile; fileRef = 75C43D0420FA5F0D00C14091 /* GridViewController.swift */; };
		75C43D0720FA5F1E00C14091 /* DetailViewController.swift in Sources */ = {isa = PBXBuildFile; fileRef = 75C43D0620FA5F1E00C14091 /* DetailViewController.swift */; };
		75C43D0920FA5F3500C14091 /* GridCollectionViewModel.swift in Sources */ = {isa = PBXBuildFile; fileRef = 75C43D0820FA5F3500C14091 /* GridCollectionViewModel.swift */; };
		75C43D1020FA5F8200C14091 /* Assets.xcassets in Resources */ = {isa = PBXBuildFile; fileRef = 75C43D0B20FA5F8200C14091 /* Assets.xcassets */; };
		75C43D1120FA5F8200C14091 /* LaunchScreen.storyboard in Resources */ = {isa = PBXBuildFile; fileRef = 75C43D0C20FA5F8200C14091 /* LaunchScreen.storyboard */; };
		75C43D1220FA5F8200C14091 /* Main.storyboard in Resources */ = {isa = PBXBuildFile; fileRef = 75C43D0E20FA5F8200C14091 /* Main.storyboard */; };
		75C43D1620FA708800C14091 /* NetworkingTests.swift in Sources */ = {isa = PBXBuildFile; fileRef = 75C43D1520FA708800C14091 /* NetworkingTests.swift */; };
		75C43D1820FA7BC600C14091 /* SuccessResult.swift in Sources */ = {isa = PBXBuildFile; fileRef = 75C43D1720FA7BC600C14091 /* SuccessResult.swift */; };
		75C43D1C20FA813E00C14091 /* GiphyServiceTests.swift in Sources */ = {isa = PBXBuildFile; fileRef = 75C43D1B20FA813E00C14091 /* GiphyServiceTests.swift */; };
		75C43D1E20FA81B200C14091 /* NetworkingMock.swift in Sources */ = {isa = PBXBuildFile; fileRef = 75C43D1D20FA81B200C14091 /* NetworkingMock.swift */; };
		75C43D2020FA840400C14091 /* ImageItem.swift in Sources */ = {isa = PBXBuildFile; fileRef = 75C43D1F20FA840400C14091 /* ImageItem.swift */; };
		75C43D2220FA841E00C14091 /* ImagesItem.swift in Sources */ = {isa = PBXBuildFile; fileRef = 75C43D2120FA841E00C14091 /* ImagesItem.swift */; };
		AE9EDA7431254DA22523FFD1 /* Pods_DemoGifBrowser.framework in Frameworks */ = {isa = PBXBuildFile; fileRef = 28C4563D41C8B083016A9B2B /* Pods_DemoGifBrowser.framework */; };
/* End PBXBuildFile section */

/* Begin PBXContainerItemProxy section */
		75C43CBE20FA5CAF00C14091 /* PBXContainerItemProxy */ = {
			isa = PBXContainerItemProxy;
			containerPortal = 75C43CA120FA5CAB00C14091 /* Project object */;
			proxyType = 1;
			remoteGlobalIDString = 75C43CA820FA5CAB00C14091;
			remoteInfo = DemoGifBrowser;
		};
		75C43CC920FA5CAF00C14091 /* PBXContainerItemProxy */ = {
			isa = PBXContainerItemProxy;
			containerPortal = 75C43CA120FA5CAB00C14091 /* Project object */;
			proxyType = 1;
			remoteGlobalIDString = 75C43CA820FA5CAB00C14091;
			remoteInfo = DemoGifBrowser;
		};
/* End PBXContainerItemProxy section */

/* Begin PBXFileReference section */
		0D7B135E9501B92C9FE401FE /* Pods-DemoGifBrowser.debug.xcconfig */ = {isa = PBXFileReference; includeInIndex = 1; lastKnownFileType = text.xcconfig; name = "Pods-DemoGifBrowser.debug.xcconfig"; path = "Pods/Target Support Files/Pods-DemoGifBrowser/Pods-DemoGifBrowser.debug.xcconfig"; sourceTree = "<group>"; };
		2260B66F7F997AE521309060 /* Pods-DemoGifBrowserTests.release.xcconfig */ = {isa = PBXFileReference; includeInIndex = 1; lastKnownFileType = text.xcconfig; name = "Pods-DemoGifBrowserTests.release.xcconfig"; path = "Pods/Target Support Files/Pods-DemoGifBrowserTests/Pods-DemoGifBrowserTests.release.xcconfig"; sourceTree = "<group>"; };
		28C4563D41C8B083016A9B2B /* Pods_DemoGifBrowser.framework */ = {isa = PBXFileReference; explicitFileType = wrapper.framework; includeInIndex = 0; path = Pods_DemoGifBrowser.framework; sourceTree = BUILT_PRODUCTS_DIR; };
		35DFE2B40D3C8CC8B57EDF3C /* Pods_DemoGifBrowserUITests.framework */ = {isa = PBXFileReference; explicitFileType = wrapper.framework; includeInIndex = 0; path = Pods_DemoGifBrowserUITests.framework; sourceTree = BUILT_PRODUCTS_DIR; };
		75C43CA920FA5CAB00C14091 /* DemoGifBrowser.app */ = {isa = PBXFileReference; explicitFileType = wrapper.application; includeInIndex = 0; path = DemoGifBrowser.app; sourceTree = BUILT_PRODUCTS_DIR; };
		75C43CAC20FA5CAC00C14091 /* AppDelegate.swift */ = {isa = PBXFileReference; lastKnownFileType = sourcecode.swift; path = AppDelegate.swift; sourceTree = "<group>"; };
		75C43CB820FA5CAE00C14091 /* Info.plist */ = {isa = PBXFileReference; lastKnownFileType = text.plist.xml; path = Info.plist; sourceTree = "<group>"; };
		75C43CBD20FA5CAF00C14091 /* DemoGifBrowserTests.xctest */ = {isa = PBXFileReference; explicitFileType = wrapper.cfbundle; includeInIndex = 0; path = DemoGifBrowserTests.xctest; sourceTree = BUILT_PRODUCTS_DIR; };
		75C43CC320FA5CAF00C14091 /* Info.plist */ = {isa = PBXFileReference; lastKnownFileType = text.plist.xml; path = Info.plist; sourceTree = "<group>"; };
		75C43CC820FA5CAF00C14091 /* DemoGifBrowserUITests.xctest */ = {isa = PBXFileReference; explicitFileType = wrapper.cfbundle; includeInIndex = 0; path = DemoGifBrowserUITests.xctest; sourceTree = BUILT_PRODUCTS_DIR; };
		75C43CCC20FA5CAF00C14091 /* DemoGifBrowserUITests.swift */ = {isa = PBXFileReference; lastKnownFileType = sourcecode.swift; path = DemoGifBrowserUITests.swift; sourceTree = "<group>"; };
		75C43CCE20FA5CAF00C14091 /* Info.plist */ = {isa = PBXFileReference; lastKnownFileType = text.plist.xml; path = Info.plist; sourceTree = "<group>"; };
		75C43CEC20FA5DFD00C14091 /* AppCoordinator.swift */ = {isa = PBXFileReference; lastKnownFileType = sourcecode.swift; path = AppCoordinator.swift; sourceTree = "<group>"; };
		75C43CEE20FA5E0900C14091 /* AppFactory.swift */ = {isa = PBXFileReference; lastKnownFileType = sourcecode.swift; path = AppFactory.swift; sourceTree = "<group>"; };
		75C43CF020FA5E2600C14091 /* GifItem.swift */ = {isa = PBXFileReference; lastKnownFileType = sourcecode.swift; path = GifItem.swift; sourceTree = "<group>"; };
		75C43CF220FA5E3000C14091 /* Networking.swift */ = {isa = PBXFileReference; lastKnownFileType = sourcecode.swift; path = Networking.swift; sourceTree = "<group>"; };
		75C43CF420FA5E4500C14091 /* GiphyService.swift */ = {isa = PBXFileReference; lastKnownFileType = sourcecode.swift; path = GiphyService.swift; sourceTree = "<group>"; };
		75C43CF820FA5E6000C14091 /* GridViewModel.swift */ = {isa = PBXFileReference; lastKnownFileType = sourcecode.swift; path = GridViewModel.swift; sourceTree = "<group>"; };
		75C43CFC20FA5E7600C14091 /* DetailViewModel.swift */ = {isa = PBXFileReference; lastKnownFileType = sourcecode.swift; path = DetailViewModel.swift; sourceTree = "<group>"; };
		75C43CFF20FA5ED300C14091 /* GridCollectionViewCell.swift */ = {isa = PBXFileReference; lastKnownFileType = sourcecode.swift; path = GridCollectionViewCell.swift; sourceTree = "<group>"; };
		75C43D0420FA5F0D00C14091 /* GridViewController.swift */ = {isa = PBXFileReference; lastKnownFileType = sourcecode.swift; path = GridViewController.swift; sourceTree = "<group>"; };
		75C43D0620FA5F1E00C14091 /* DetailViewController.swift */ = {isa = PBXFileReference; lastKnownFileType = sourcecode.swift; path = DetailViewController.swift; sourceTree = "<group>"; };
		75C43D0820FA5F3500C14091 /* GridCollectionViewModel.swift */ = {isa = PBXFileReference; lastKnownFileType = sourcecode.swift; path = GridCollectionViewModel.swift; sourceTree = "<group>"; };
		75C43D0B20FA5F8200C14091 /* Assets.xcassets */ = {isa = PBXFileReference; lastKnownFileType = folder.assetcatalog; path = Assets.xcassets; sourceTree = "<group>"; };
		75C43D0D20FA5F8200C14091 /* Base */ = {isa = PBXFileReference; lastKnownFileType = file.storyboard; name = Base; path = Base.lproj/LaunchScreen.storyboard; sourceTree = "<group>"; };
		75C43D0F20FA5F8200C14091 /* Base */ = {isa = PBXFileReference; lastKnownFileType = file.storyboard; name = Base; path = Base.lproj/Main.storyboard; sourceTree = "<group>"; };
		75C43D1520FA708800C14091 /* NetworkingTests.swift */ = {isa = PBXFileReference; lastKnownFileType = sourcecode.swift; path = NetworkingTests.swift; sourceTree = "<group>"; };
		75C43D1720FA7BC600C14091 /* SuccessResult.swift */ = {isa = PBXFileReference; lastKnownFileType = sourcecode.swift; path = SuccessResult.swift; sourceTree = "<group>"; };
		75C43D1B20FA813E00C14091 /* GiphyServiceTests.swift */ = {isa = PBXFileReference; lastKnownFileType = sourcecode.swift; path = GiphyServiceTests.swift; sourceTree = "<group>"; };
		75C43D1D20FA81B200C14091 /* NetworkingMock.swift */ = {isa = PBXFileReference; lastKnownFileType = sourcecode.swift; path = NetworkingMock.swift; sourceTree = "<group>"; };
		75C43D1F20FA840400C14091 /* ImageItem.swift */ = {isa = PBXFileReference; lastKnownFileType = sourcecode.swift; path = ImageItem.swift; sourceTree = "<group>"; };
		75C43D2120FA841E00C14091 /* ImagesItem.swift */ = {isa = PBXFileReference; lastKnownFileType = sourcecode.swift; path = ImagesItem.swift; sourceTree = "<group>"; };
		7EB915FB91A9873589242BCC /* Pods-DemoGifBrowser.release.xcconfig */ = {isa = PBXFileReference; includeInIndex = 1; lastKnownFileType = text.xcconfig; name = "Pods-DemoGifBrowser.release.xcconfig"; path = "Pods/Target Support Files/Pods-DemoGifBrowser/Pods-DemoGifBrowser.release.xcconfig"; sourceTree = "<group>"; };
		CF151D48D7F01BA6D09ADD74 /* Pods_DemoGifBrowserTests.framework */ = {isa = PBXFileReference; explicitFileType = wrapper.framework; includeInIndex = 0; path = Pods_DemoGifBrowserTests.framework; sourceTree = BUILT_PRODUCTS_DIR; };
		CF574847684EB8E25A0A8876 /* Pods-DemoGifBrowserUITests.debug.xcconfig */ = {isa = PBXFileReference; includeInIndex = 1; lastKnownFileType = text.xcconfig; name = "Pods-DemoGifBrowserUITests.debug.xcconfig"; path = "Pods/Target Support Files/Pods-DemoGifBrowserUITests/Pods-DemoGifBrowserUITests.debug.xcconfig"; sourceTree = "<group>"; };
		F1D7C8AFA085768D0534AA88 /* Pods-DemoGifBrowserUITests.release.xcconfig */ = {isa = PBXFileReference; includeInIndex = 1; lastKnownFileType = text.xcconfig; name = "Pods-DemoGifBrowserUITests.release.xcconfig"; path = "Pods/Target Support Files/Pods-DemoGifBrowserUITests/Pods-DemoGifBrowserUITests.release.xcconfig"; sourceTree = "<group>"; };
		FE7BD8B78AC34C6D1D48D802 /* Pods-DemoGifBrowserTests.debug.xcconfig */ = {isa = PBXFileReference; includeInIndex = 1; lastKnownFileType = text.xcconfig; name = "Pods-DemoGifBrowserTests.debug.xcconfig"; path = "Pods/Target Support Files/Pods-DemoGifBrowserTests/Pods-DemoGifBrowserTests.debug.xcconfig"; sourceTree = "<group>"; };
/* End PBXFileReference section */

/* Begin PBXFrameworksBuildPhase section */
		75C43CA620FA5CAB00C14091 /* Frameworks */ = {
			isa = PBXFrameworksBuildPhase;
			buildActionMask = 2147483647;
			files = (
				AE9EDA7431254DA22523FFD1 /* Pods_DemoGifBrowser.framework in Frameworks */,
			);
			runOnlyForDeploymentPostprocessing = 0;
		};
		75C43CBA20FA5CAF00C14091 /* Frameworks */ = {
			isa = PBXFrameworksBuildPhase;
			buildActionMask = 2147483647;
			files = (
				3BE8C4D21AD2FF94B2740CAB /* Pods_DemoGifBrowserTests.framework in Frameworks */,
			);
			runOnlyForDeploymentPostprocessing = 0;
		};
		75C43CC520FA5CAF00C14091 /* Frameworks */ = {
			isa = PBXFrameworksBuildPhase;
			buildActionMask = 2147483647;
			files = (
				40C6C9E3BFC6CE8EEAED25B1 /* Pods_DemoGifBrowserUITests.framework in Frameworks */,
			);
			runOnlyForDeploymentPostprocessing = 0;
		};
/* End PBXFrameworksBuildPhase section */

/* Begin PBXGroup section */
		25DD877DD3863C9247F66BA5 /* Frameworks */ = {
			isa = PBXGroup;
			children = (
				28C4563D41C8B083016A9B2B /* Pods_DemoGifBrowser.framework */,
				CF151D48D7F01BA6D09ADD74 /* Pods_DemoGifBrowserTests.framework */,
				35DFE2B40D3C8CC8B57EDF3C /* Pods_DemoGifBrowserUITests.framework */,
			);
			name = Frameworks;
			sourceTree = "<group>";
		};
		6B5054E5EDD907620A7835A3 /* Pods */ = {
			isa = PBXGroup;
			children = (
				0D7B135E9501B92C9FE401FE /* Pods-DemoGifBrowser.debug.xcconfig */,
				7EB915FB91A9873589242BCC /* Pods-DemoGifBrowser.release.xcconfig */,
				FE7BD8B78AC34C6D1D48D802 /* Pods-DemoGifBrowserTests.debug.xcconfig */,
				2260B66F7F997AE521309060 /* Pods-DemoGifBrowserTests.release.xcconfig */,
				CF574847684EB8E25A0A8876 /* Pods-DemoGifBrowserUITests.debug.xcconfig */,
				F1D7C8AFA085768D0534AA88 /* Pods-DemoGifBrowserUITests.release.xcconfig */,
			);
			name = Pods;
			sourceTree = "<group>";
		};
		75C43CA020FA5CAB00C14091 = {
			isa = PBXGroup;
			children = (
				75C43CAB20FA5CAB00C14091 /* DemoGifBrowser */,
				75C43CC020FA5CAF00C14091 /* DemoGifBrowserTests */,
				75C43CCB20FA5CAF00C14091 /* DemoGifBrowserUITests */,
				75C43CAA20FA5CAB00C14091 /* Products */,
				6B5054E5EDD907620A7835A3 /* Pods */,
				25DD877DD3863C9247F66BA5 /* Frameworks */,
			);
			sourceTree = "<group>";
		};
		75C43CAA20FA5CAB00C14091 /* Products */ = {
			isa = PBXGroup;
			children = (
				75C43CA920FA5CAB00C14091 /* DemoGifBrowser.app */,
				75C43CBD20FA5CAF00C14091 /* DemoGifBrowserTests.xctest */,
				75C43CC820FA5CAF00C14091 /* DemoGifBrowserUITests.xctest */,
			);
			name = Products;
			sourceTree = "<group>";
		};
		75C43CAB20FA5CAB00C14091 /* DemoGifBrowser */ = {
			isa = PBXGroup;
			children = (
				75C43CEB20FA5DE100C14091 /* Coordinator */,
				75C43CE620FA5DE000C14091 /* Models */,
				75C43CEA20FA5DE100C14091 /* Networking */,
				75C43D0A20FA5F8200C14091 /* Resources */,
				75C43CE720FA5DE000C14091 /* Services */,
				75C43CE820FA5DE000C14091 /* ViewControllers */,
				75C43CE920FA5DE000C14091 /* ViewModels */,
				75C43CFE20FA5EAF00C14091 /* Views */,
				75C43CAC20FA5CAC00C14091 /* AppDelegate.swift */,
				75C43CB820FA5CAE00C14091 /* Info.plist */,
			);
			path = DemoGifBrowser;
			sourceTree = "<group>";
		};
		75C43CC020FA5CAF00C14091 /* DemoGifBrowserTests */ = {
			isa = PBXGroup;
			children = (
				75C43CC320FA5CAF00C14091 /* Info.plist */,
				75C43D1520FA708800C14091 /* NetworkingTests.swift */,
				75C43D1B20FA813E00C14091 /* GiphyServiceTests.swift */,
				75C43D1D20FA81B200C14091 /* NetworkingMock.swift */,
			);
			path = DemoGifBrowserTests;
			sourceTree = "<group>";
		};
		75C43CCB20FA5CAF00C14091 /* DemoGifBrowserUITests */ = {
			isa = PBXGroup;
			children = (
				75C43CCC20FA5CAF00C14091 /* DemoGifBrowserUITests.swift */,
				75C43CCE20FA5CAF00C14091 /* Info.plist */,
			);
			path = DemoGifBrowserUITests;
			sourceTree = "<group>";
		};
		75C43CE620FA5DE000C14091 /* Models */ = {
			isa = PBXGroup;
			children = (
				75C43CF020FA5E2600C14091 /* GifItem.swift */,
				75C43D2120FA841E00C14091 /* ImagesItem.swift */,
				75C43D1F20FA840400C14091 /* ImageItem.swift */,
			);
			path = Models;
			sourceTree = "<group>";
		};
		75C43CE720FA5DE000C14091 /* Services */ = {
			isa = PBXGroup;
			children = (
				75C43CF420FA5E4500C14091 /* GiphyService.swift */,
			);
			path = Services;
			sourceTree = "<group>";
		};
		75C43CE820FA5DE000C14091 /* ViewControllers */ = {
			isa = PBXGroup;
			children = (
				75C43D0420FA5F0D00C14091 /* GridViewController.swift */,
				75C43D0620FA5F1E00C14091 /* DetailViewController.swift */,
			);
			path = ViewControllers;
			sourceTree = "<group>";
		};
		75C43CE920FA5DE000C14091 /* ViewModels */ = {
			isa = PBXGroup;
			children = (
				75C43CF820FA5E6000C14091 /* GridViewModel.swift */,
				75C43D0820FA5F3500C14091 /* GridCollectionViewModel.swift */,
				75C43CFC20FA5E7600C14091 /* DetailViewModel.swift */,
			);
			path = ViewModels;
			sourceTree = "<group>";
		};
		75C43CEA20FA5DE100C14091 /* Networking */ = {
			isa = PBXGroup;
			children = (
				75C43CF220FA5E3000C14091 /* Networking.swift */,
				75C43D1720FA7BC600C14091 /* SuccessResult.swift */,
			);
			path = Networking;
			sourceTree = "<group>";
		};
		75C43CEB20FA5DE100C14091 /* Coordinator */ = {
			isa = PBXGroup;
			children = (
				75C43CEC20FA5DFD00C14091 /* AppCoordinator.swift */,
				75C43CEE20FA5E0900C14091 /* AppFactory.swift */,
			);
			path = Coordinator;
			sourceTree = "<group>";
		};
		75C43CFE20FA5EAF00C14091 /* Views */ = {
			isa = PBXGroup;
			children = (
				75C43CFF20FA5ED300C14091 /* GridCollectionViewCell.swift */,
			);
			path = Views;
			sourceTree = "<group>";
		};
		75C43D0A20FA5F8200C14091 /* Resources */ = {
			isa = PBXGroup;
			children = (
				75C43D0B20FA5F8200C14091 /* Assets.xcassets */,
				75C43D0C20FA5F8200C14091 /* LaunchScreen.storyboard */,
				75C43D0E20FA5F8200C14091 /* Main.storyboard */,
			);
			path = Resources;
			sourceTree = "<group>";
		};
/* End PBXGroup section */

/* Begin PBXNativeTarget section */
		75C43CA820FA5CAB00C14091 /* DemoGifBrowser */ = {
			isa = PBXNativeTarget;
			buildConfigurationList = 75C43CD120FA5CAF00C14091 /* Build configuration list for PBXNativeTarget "DemoGifBrowser" */;
			buildPhases = (
				B60200CA2136025634695E85 /* [CP] Check Pods Manifest.lock */,
				75C43CA520FA5CAB00C14091 /* Sources */,
				75C43CA620FA5CAB00C14091 /* Frameworks */,
				75C43CA720FA5CAB00C14091 /* Resources */,
				450BFEBF582C8E1C88C4E0C8 /* [CP] Embed Pods Frameworks */,
			);
			buildRules = (
			);
			dependencies = (
			);
			name = DemoGifBrowser;
			productName = DemoGifBrowser;
			productReference = 75C43CA920FA5CAB00C14091 /* DemoGifBrowser.app */;
			productType = "com.apple.product-type.application";
		};
		75C43CBC20FA5CAF00C14091 /* DemoGifBrowserTests */ = {
			isa = PBXNativeTarget;
			buildConfigurationList = 75C43CD420FA5CAF00C14091 /* Build configuration list for PBXNativeTarget "DemoGifBrowserTests" */;
			buildPhases = (
				6B126E04ADF05A04523CFCA2 /* [CP] Check Pods Manifest.lock */,
				75C43CB920FA5CAF00C14091 /* Sources */,
				75C43CBA20FA5CAF00C14091 /* Frameworks */,
				75C43CBB20FA5CAF00C14091 /* Resources */,
			);
			buildRules = (
			);
			dependencies = (
				75C43CBF20FA5CAF00C14091 /* PBXTargetDependency */,
			);
			name = DemoGifBrowserTests;
			productName = DemoGifBrowserTests;
			productReference = 75C43CBD20FA5CAF00C14091 /* DemoGifBrowserTests.xctest */;
			productType = "com.apple.product-type.bundle.unit-test";
		};
		75C43CC720FA5CAF00C14091 /* DemoGifBrowserUITests */ = {
			isa = PBXNativeTarget;
			buildConfigurationList = 75C43CD720FA5CAF00C14091 /* Build configuration list for PBXNativeTarget "DemoGifBrowserUITests" */;
			buildPhases = (
				917D7ADCE548CB3FA301BBBA /* [CP] Check Pods Manifest.lock */,
				75C43CC420FA5CAF00C14091 /* Sources */,
				75C43CC520FA5CAF00C14091 /* Frameworks */,
				75C43CC620FA5CAF00C14091 /* Resources */,
			);
			buildRules = (
			);
			dependencies = (
				75C43CCA20FA5CAF00C14091 /* PBXTargetDependency */,
			);
			name = DemoGifBrowserUITests;
			productName = DemoGifBrowserUITests;
			productReference = 75C43CC820FA5CAF00C14091 /* DemoGifBrowserUITests.xctest */;
			productType = "com.apple.product-type.bundle.ui-testing";
		};
/* End PBXNativeTarget section */

/* Begin PBXProject section */
		75C43CA120FA5CAB00C14091 /* Project object */ = {
			isa = PBXProject;
			attributes = {
				LastSwiftUpdateCheck = 0940;
				LastUpgradeCheck = 0940;
				ORGANIZATIONNAME = "MAXIM TSVETKOV";
				TargetAttributes = {
					75C43CA820FA5CAB00C14091 = {
						CreatedOnToolsVersion = 9.4.1;
					};
					75C43CBC20FA5CAF00C14091 = {
						CreatedOnToolsVersion = 9.4.1;
						TestTargetID = 75C43CA820FA5CAB00C14091;
					};
					75C43CC720FA5CAF00C14091 = {
						CreatedOnToolsVersion = 9.4.1;
						TestTargetID = 75C43CA820FA5CAB00C14091;
					};
				};
			};
			buildConfigurationList = 75C43CA420FA5CAB00C14091 /* Build configuration list for PBXProject "DemoGifBrowser" */;
			compatibilityVersion = "Xcode 9.3";
			developmentRegion = en;
			hasScannedForEncodings = 0;
			knownRegions = (
				en,
				Base,
			);
			mainGroup = 75C43CA020FA5CAB00C14091;
			productRefGroup = 75C43CAA20FA5CAB00C14091 /* Products */;
			projectDirPath = "";
			projectRoot = "";
			targets = (
				75C43CA820FA5CAB00C14091 /* DemoGifBrowser */,
				75C43CBC20FA5CAF00C14091 /* DemoGifBrowserTests */,
				75C43CC720FA5CAF00C14091 /* DemoGifBrowserUITests */,
			);
		};
/* End PBXProject section */

/* Begin PBXResourcesBuildPhase section */
		75C43CA720FA5CAB00C14091 /* Resources */ = {
			isa = PBXResourcesBuildPhase;
			buildActionMask = 2147483647;
			files = (
				75C43D1220FA5F8200C14091 /* Main.storyboard in Resources */,
				75C43D1020FA5F8200C14091 /* Assets.xcassets in Resources */,
				75C43D1120FA5F8200C14091 /* LaunchScreen.storyboard in Resources */,
			);
			runOnlyForDeploymentPostprocessing = 0;
		};
		75C43CBB20FA5CAF00C14091 /* Resources */ = {
			isa = PBXResourcesBuildPhase;
			buildActionMask = 2147483647;
			files = (
			);
			runOnlyForDeploymentPostprocessing = 0;
		};
		75C43CC620FA5CAF00C14091 /* Resources */ = {
			isa = PBXResourcesBuildPhase;
			buildActionMask = 2147483647;
			files = (
			);
			runOnlyForDeploymentPostprocessing = 0;
		};
/* End PBXResourcesBuildPhase section */

/* Begin PBXShellScriptBuildPhase section */
		450BFEBF582C8E1C88C4E0C8 /* [CP] Embed Pods Frameworks */ = {
			isa = PBXShellScriptBuildPhase;
			buildActionMask = 2147483647;
			files = (
			);
			inputPaths = (
				"${SRCROOT}/Pods/Target Support Files/Pods-DemoGifBrowser/Pods-DemoGifBrowser-frameworks.sh",
				"${BUILT_PRODUCTS_DIR}/FLAnimatedImage/FLAnimatedImage.framework",
			);
			name = "[CP] Embed Pods Frameworks";
			outputPaths = (
				"${TARGET_BUILD_DIR}/${FRAMEWORKS_FOLDER_PATH}/FLAnimatedImage.framework",
			);
			runOnlyForDeploymentPostprocessing = 0;
			shellPath = /bin/sh;
			shellScript = "\"${SRCROOT}/Pods/Target Support Files/Pods-DemoGifBrowser/Pods-DemoGifBrowser-frameworks.sh\"\n";
			showEnvVarsInLog = 0;
		};
		6B126E04ADF05A04523CFCA2 /* [CP] Check Pods Manifest.lock */ = {
			isa = PBXShellScriptBuildPhase;
			buildActionMask = 2147483647;
			files = (
			);
			inputPaths = (
				"${PODS_PODFILE_DIR_PATH}/Podfile.lock",
				"${PODS_ROOT}/Manifest.lock",
			);
			name = "[CP] Check Pods Manifest.lock";
			outputPaths = (
				"$(DERIVED_FILE_DIR)/Pods-DemoGifBrowserTests-checkManifestLockResult.txt",
			);
			runOnlyForDeploymentPostprocessing = 0;
			shellPath = /bin/sh;
			shellScript = "diff \"${PODS_PODFILE_DIR_PATH}/Podfile.lock\" \"${PODS_ROOT}/Manifest.lock\" > /dev/null\nif [ $? != 0 ] ; then\n    # print error to STDERR\n    echo \"error: The sandbox is not in sync with the Podfile.lock. Run 'pod install' or update your CocoaPods installation.\" >&2\n    exit 1\nfi\n# This output is used by Xcode 'outputs' to avoid re-running this script phase.\necho \"SUCCESS\" > \"${SCRIPT_OUTPUT_FILE_0}\"\n";
			showEnvVarsInLog = 0;
		};
		917D7ADCE548CB3FA301BBBA /* [CP] Check Pods Manifest.lock */ = {
			isa = PBXShellScriptBuildPhase;
			buildActionMask = 2147483647;
			files = (
			);
			inputPaths = (
				"${PODS_PODFILE_DIR_PATH}/Podfile.lock",
				"${PODS_ROOT}/Manifest.lock",
			);
			name = "[CP] Check Pods Manifest.lock";
			outputPaths = (
				"$(DERIVED_FILE_DIR)/Pods-DemoGifBrowserUITests-checkManifestLockResult.txt",
			);
			runOnlyForDeploymentPostprocessing = 0;
			shellPath = /bin/sh;
			shellScript = "diff \"${PODS_PODFILE_DIR_PATH}/Podfile.lock\" \"${PODS_ROOT}/Manifest.lock\" > /dev/null\nif [ $? != 0 ] ; then\n    # print error to STDERR\n    echo \"error: The sandbox is not in sync with the Podfile.lock. Run 'pod install' or update your CocoaPods installation.\" >&2\n    exit 1\nfi\n# This output is used by Xcode 'outputs' to avoid re-running this script phase.\necho \"SUCCESS\" > \"${SCRIPT_OUTPUT_FILE_0}\"\n";
			showEnvVarsInLog = 0;
		};
		B60200CA2136025634695E85 /* [CP] Check Pods Manifest.lock */ = {
			isa = PBXShellScriptBuildPhase;
			buildActionMask = 2147483647;
			files = (
			);
			inputPaths = (
				"${PODS_PODFILE_DIR_PATH}/Podfile.lock",
				"${PODS_ROOT}/Manifest.lock",
			);
			name = "[CP] Check Pods Manifest.lock";
			outputPaths = (
				"$(DERIVED_FILE_DIR)/Pods-DemoGifBrowser-checkManifestLockResult.txt",
			);
			runOnlyForDeploymentPostprocessing = 0;
			shellPath = /bin/sh;
			shellScript = "diff \"${PODS_PODFILE_DIR_PATH}/Podfile.lock\" \"${PODS_ROOT}/Manifest.lock\" > /dev/null\nif [ $? != 0 ] ; then\n    # print error to STDERR\n    echo \"error: The sandbox is not in sync with the Podfile.lock. Run 'pod install' or update your CocoaPods installation.\" >&2\n    exit 1\nfi\n# This output is used by Xcode 'outputs' to avoid re-running this script phase.\necho \"SUCCESS\" > \"${SCRIPT_OUTPUT_FILE_0}\"\n";
			showEnvVarsInLog = 0;
		};
/* End PBXShellScriptBuildPhase section */

/* Begin PBXSourcesBuildPhase section */
		75C43CA520FA5CAB00C14091 /* Sources */ = {
			isa = PBXSourcesBuildPhase;
			buildActionMask = 2147483647;
			files = (
				75C43D0020FA5ED300C14091 /* GridCollectionViewCell.swift in Sources */,
				75C43CEF20FA5E0900C14091 /* AppFactory.swift in Sources */,
				75C43D0920FA5F3500C14091 /* GridCollectionViewModel.swift in Sources */,
				75C43CED20FA5DFD00C14091 /* AppCoordinator.swift in Sources */,
				75C43D0720FA5F1E00C14091 /* DetailViewController.swift in Sources */,
				75C43CF920FA5E6000C14091 /* GridViewModel.swift in Sources */,
				75C43CF520FA5E4500C14091 /* GiphyService.swift in Sources */,
				75C43CF320FA5E3000C14091 /* Networking.swift in Sources */,
				75C43D0520FA5F0D00C14091 /* GridViewController.swift in Sources */,
				75C43CF120FA5E2600C14091 /* GifItem.swift in Sources */,
				75C43CFD20FA5E7600C14091 /* DetailViewModel.swift in Sources */,
				75C43CAD20FA5CAC00C14091 /* AppDelegate.swift in Sources */,
				75C43D2020FA840400C14091 /* ImageItem.swift in Sources */,
				75C43D2220FA841E00C14091 /* ImagesItem.swift in Sources */,
				75C43D1820FA7BC600C14091 /* SuccessResult.swift in Sources */,
			);
			runOnlyForDeploymentPostprocessing = 0;
		};
		75C43CB920FA5CAF00C14091 /* Sources */ = {
			isa = PBXSourcesBuildPhase;
			buildActionMask = 2147483647;
			files = (
				75C43D1620FA708800C14091 /* NetworkingTests.swift in Sources */,
				75C43D1C20FA813E00C14091 /* GiphyServiceTests.swift in Sources */,
				75C43D1E20FA81B200C14091 /* NetworkingMock.swift in Sources */,
			);
			runOnlyForDeploymentPostprocessing = 0;
		};
		75C43CC420FA5CAF00C14091 /* Sources */ = {
			isa = PBXSourcesBuildPhase;
			buildActionMask = 2147483647;
			files = (
				75C43CCD20FA5CAF00C14091 /* DemoGifBrowserUITests.swift in Sources */,
			);
			runOnlyForDeploymentPostprocessing = 0;
		};
/* End PBXSourcesBuildPhase section */

/* Begin PBXTargetDependency section */
		75C43CBF20FA5CAF00C14091 /* PBXTargetDependency */ = {
			isa = PBXTargetDependency;
			target = 75C43CA820FA5CAB00C14091 /* DemoGifBrowser */;
			targetProxy = 75C43CBE20FA5CAF00C14091 /* PBXContainerItemProxy */;
		};
		75C43CCA20FA5CAF00C14091 /* PBXTargetDependency */ = {
			isa = PBXTargetDependency;
			target = 75C43CA820FA5CAB00C14091 /* DemoGifBrowser */;
			targetProxy = 75C43CC920FA5CAF00C14091 /* PBXContainerItemProxy */;
		};
/* End PBXTargetDependency section */

/* Begin PBXVariantGroup section */
		75C43D0C20FA5F8200C14091 /* LaunchScreen.storyboard */ = {
			isa = PBXVariantGroup;
			children = (
				75C43D0D20FA5F8200C14091 /* Base */,
			);
			name = LaunchScreen.storyboard;
			sourceTree = "<group>";
		};
		75C43D0E20FA5F8200C14091 /* Main.storyboard */ = {
			isa = PBXVariantGroup;
			children = (
				75C43D0F20FA5F8200C14091 /* Base */,
			);
			name = Main.storyboard;
			sourceTree = "<group>";
		};
/* End PBXVariantGroup section */

/* Begin XCBuildConfiguration section */
		75C43CCF20FA5CAF00C14091 /* Debug */ = {
			isa = XCBuildConfiguration;
			buildSettings = {
				ALWAYS_SEARCH_USER_PATHS = NO;
				CLANG_ANALYZER_NONNULL = YES;
				CLANG_ANALYZER_NUMBER_OBJECT_CONVERSION = YES_AGGRESSIVE;
				CLANG_CXX_LANGUAGE_STANDARD = "gnu++14";
				CLANG_CXX_LIBRARY = "libc++";
				CLANG_ENABLE_MODULES = YES;
				CLANG_ENABLE_OBJC_ARC = YES;
				CLANG_ENABLE_OBJC_WEAK = YES;
				CLANG_WARN_BLOCK_CAPTURE_AUTORELEASING = YES;
				CLANG_WARN_BOOL_CONVERSION = YES;
				CLANG_WARN_COMMA = YES;
				CLANG_WARN_CONSTANT_CONVERSION = YES;
				CLANG_WARN_DEPRECATED_OBJC_IMPLEMENTATIONS = YES;
				CLANG_WARN_DIRECT_OBJC_ISA_USAGE = YES_ERROR;
				CLANG_WARN_DOCUMENTATION_COMMENTS = YES;
				CLANG_WARN_EMPTY_BODY = YES;
				CLANG_WARN_ENUM_CONVERSION = YES;
				CLANG_WARN_INFINITE_RECURSION = YES;
				CLANG_WARN_INT_CONVERSION = YES;
				CLANG_WARN_NON_LITERAL_NULL_CONVERSION = YES;
				CLANG_WARN_OBJC_IMPLICIT_RETAIN_SELF = YES;
				CLANG_WARN_OBJC_LITERAL_CONVERSION = YES;
				CLANG_WARN_OBJC_ROOT_CLASS = YES_ERROR;
				CLANG_WARN_RANGE_LOOP_ANALYSIS = YES;
				CLANG_WARN_STRICT_PROTOTYPES = YES;
				CLANG_WARN_SUSPICIOUS_MOVE = YES;
				CLANG_WARN_UNGUARDED_AVAILABILITY = YES_AGGRESSIVE;
				CLANG_WARN_UNREACHABLE_CODE = YES;
				CLANG_WARN__DUPLICATE_METHOD_MATCH = YES;
				CODE_SIGN_IDENTITY = "iPhone Developer";
				COPY_PHASE_STRIP = NO;
				DEBUG_INFORMATION_FORMAT = dwarf;
				ENABLE_STRICT_OBJC_MSGSEND = YES;
				ENABLE_TESTABILITY = YES;
				GCC_C_LANGUAGE_STANDARD = gnu11;
				GCC_DYNAMIC_NO_PIC = NO;
				GCC_NO_COMMON_BLOCKS = YES;
				GCC_OPTIMIZATION_LEVEL = 0;
				GCC_PREPROCESSOR_DEFINITIONS = (
					"DEBUG=1",
					"$(inherited)",
				);
				GCC_WARN_64_TO_32_BIT_CONVERSION = YES;
				GCC_WARN_ABOUT_RETURN_TYPE = YES_ERROR;
				GCC_WARN_UNDECLARED_SELECTOR = YES;
				GCC_WARN_UNINITIALIZED_AUTOS = YES_AGGRESSIVE;
				GCC_WARN_UNUSED_FUNCTION = YES;
				GCC_WARN_UNUSED_VARIABLE = YES;
				IPHONEOS_DEPLOYMENT_TARGET = 11.4;
				MTL_ENABLE_DEBUG_INFO = YES;
				ONLY_ACTIVE_ARCH = YES;
				SDKROOT = iphoneos;
				SWIFT_ACTIVE_COMPILATION_CONDITIONS = DEBUG;
				SWIFT_OPTIMIZATION_LEVEL = "-Onone";
			};
			name = Debug;
		};
		75C43CD020FA5CAF00C14091 /* Release */ = {
			isa = XCBuildConfiguration;
			buildSettings = {
				ALWAYS_SEARCH_USER_PATHS = NO;
				CLANG_ANALYZER_NONNULL = YES;
				CLANG_ANALYZER_NUMBER_OBJECT_CONVERSION = YES_AGGRESSIVE;
				CLANG_CXX_LANGUAGE_STANDARD = "gnu++14";
				CLANG_CXX_LIBRARY = "libc++";
				CLANG_ENABLE_MODULES = YES;
				CLANG_ENABLE_OBJC_ARC = YES;
				CLANG_ENABLE_OBJC_WEAK = YES;
				CLANG_WARN_BLOCK_CAPTURE_AUTORELEASING = YES;
				CLANG_WARN_BOOL_CONVERSION = YES;
				CLANG_WARN_COMMA = YES;
				CLANG_WARN_CONSTANT_CONVERSION = YES;
				CLANG_WARN_DEPRECATED_OBJC_IMPLEMENTATIONS = YES;
				CLANG_WARN_DIRECT_OBJC_ISA_USAGE = YES_ERROR;
				CLANG_WARN_DOCUMENTATION_COMMENTS = YES;
				CLANG_WARN_EMPTY_BODY = YES;
				CLANG_WARN_ENUM_CONVERSION = YES;
				CLANG_WARN_INFINITE_RECURSION = YES;
				CLANG_WARN_INT_CONVERSION = YES;
				CLANG_WARN_NON_LITERAL_NULL_CONVERSION = YES;
				CLANG_WARN_OBJC_IMPLICIT_RETAIN_SELF = YES;
				CLANG_WARN_OBJC_LITERAL_CONVERSION = YES;
				CLANG_WARN_OBJC_ROOT_CLASS = YES_ERROR;
				CLANG_WARN_RANGE_LOOP_ANALYSIS = YES;
				CLANG_WARN_STRICT_PROTOTYPES = YES;
				CLANG_WARN_SUSPICIOUS_MOVE = YES;
				CLANG_WARN_UNGUARDED_AVAILABILITY = YES_AGGRESSIVE;
				CLANG_WARN_UNREACHABLE_CODE = YES;
				CLANG_WARN__DUPLICATE_METHOD_MATCH = YES;
				CODE_SIGN_IDENTITY = "iPhone Developer";
				COPY_PHASE_STRIP = NO;
				DEBUG_INFORMATION_FORMAT = "dwarf-with-dsym";
				ENABLE_NS_ASSERTIONS = NO;
				ENABLE_STRICT_OBJC_MSGSEND = YES;
				GCC_C_LANGUAGE_STANDARD = gnu11;
				GCC_NO_COMMON_BLOCKS = YES;
				GCC_WARN_64_TO_32_BIT_CONVERSION = YES;
				GCC_WARN_ABOUT_RETURN_TYPE = YES_ERROR;
				GCC_WARN_UNDECLARED_SELECTOR = YES;
				GCC_WARN_UNINITIALIZED_AUTOS = YES_AGGRESSIVE;
				GCC_WARN_UNUSED_FUNCTION = YES;
				GCC_WARN_UNUSED_VARIABLE = YES;
				IPHONEOS_DEPLOYMENT_TARGET = 11.4;
				MTL_ENABLE_DEBUG_INFO = NO;
				SDKROOT = iphoneos;
				SWIFT_COMPILATION_MODE = wholemodule;
				SWIFT_OPTIMIZATION_LEVEL = "-O";
				VALIDATE_PRODUCT = YES;
			};
			name = Release;
		};
		75C43CD220FA5CAF00C14091 /* Debug */ = {
			isa = XCBuildConfiguration;
			baseConfigurationReference = 0D7B135E9501B92C9FE401FE /* Pods-DemoGifBrowser.debug.xcconfig */;
			buildSettings = {
				ASSETCATALOG_COMPILER_APPICON_NAME = AppIcon;
				CODE_SIGN_STYLE = Automatic;
				INFOPLIST_FILE = DemoGifBrowser/Info.plist;
				IPHONEOS_DEPLOYMENT_TARGET = 10.0;
				LD_RUNPATH_SEARCH_PATHS = (
					"$(inherited)",
					"@executable_path/Frameworks",
				);
				PRODUCT_BUNDLE_IDENTIFIER = maxxx.DemoGifBrowser;
				PRODUCT_NAME = "$(TARGET_NAME)";
				SWIFT_VERSION = 4.0;
				TARGETED_DEVICE_FAMILY = "1,2";
			};
			name = Debug;
		};
		75C43CD320FA5CAF00C14091 /* Release */ = {
			isa = XCBuildConfiguration;
			baseConfigurationReference = 7EB915FB91A9873589242BCC /* Pods-DemoGifBrowser.release.xcconfig */;
			buildSettings = {
				ASSETCATALOG_COMPILER_APPICON_NAME = AppIcon;
				CODE_SIGN_STYLE = Automatic;
				INFOPLIST_FILE = DemoGifBrowser/Info.plist;
				IPHONEOS_DEPLOYMENT_TARGET = 10.0;
				LD_RUNPATH_SEARCH_PATHS = (
					"$(inherited)",
					"@executable_path/Frameworks",
				);
				PRODUCT_BUNDLE_IDENTIFIER = maxxx.DemoGifBrowser;
				PRODUCT_NAME = "$(TARGET_NAME)";
				SWIFT_VERSION = 4.0;
				TARGETED_DEVICE_FAMILY = "1,2";
			};
			name = Release;
		};
		75C43CD520FA5CAF00C14091 /* Debug */ = {
			isa = XCBuildConfiguration;
			baseConfigurationReference = FE7BD8B78AC34C6D1D48D802 /* Pods-DemoGifBrowserTests.debug.xcconfig */;
			buildSettings = {
				ALWAYS_EMBED_SWIFT_STANDARD_LIBRARIES = YES;
				BUNDLE_LOADER = "$(TEST_HOST)";
				CODE_SIGN_STYLE = Automatic;
				INFOPLIST_FILE = DemoGifBrowserTests/Info.plist;
				LD_RUNPATH_SEARCH_PATHS = (
					"$(inherited)",
					"@executable_path/Frameworks",
					"@loader_path/Frameworks",
				);
				PRODUCT_BUNDLE_IDENTIFIER = maxxx.DemoGifBrowserTests;
				PRODUCT_NAME = "$(TARGET_NAME)";
				SWIFT_VERSION = 4.0;
				TARGETED_DEVICE_FAMILY = "1,2";
				TEST_HOST = "$(BUILT_PRODUCTS_DIR)/DemoGifBrowser.app/DemoGifBrowser";
			};
			name = Debug;
		};
		75C43CD620FA5CAF00C14091 /* Release */ = {
			isa = XCBuildConfiguration;
			baseConfigurationReference = 2260B66F7F997AE521309060 /* Pods-DemoGifBrowserTests.release.xcconfig */;
			buildSettings = {
				ALWAYS_EMBED_SWIFT_STANDARD_LIBRARIES = YES;
				BUNDLE_LOADER = "$(TEST_HOST)";
				CODE_SIGN_STYLE = Automatic;
				INFOPLIST_FILE = DemoGifBrowserTests/Info.plist;
				LD_RUNPATH_SEARCH_PATHS = (
					"$(inherited)",
					"@executable_path/Frameworks",
					"@loader_path/Frameworks",
				);
				PRODUCT_BUNDLE_IDENTIFIER = maxxx.DemoGifBrowserTests;
				PRODUCT_NAME = "$(TARGET_NAME)";
				SWIFT_VERSION = 4.0;
				TARGETED_DEVICE_FAMILY = "1,2";
				TEST_HOST = "$(BUILT_PRODUCTS_DIR)/DemoGifBrowser.app/DemoGifBrowser";
			};
			name = Release;
		};
		75C43CD820FA5CAF00C14091 /* Debug */ = {
			isa = XCBuildConfiguration;
			baseConfigurationReference = CF574847684EB8E25A0A8876 /* Pods-DemoGifBrowserUITests.debug.xcconfig */;
			buildSettings = {
				ALWAYS_EMBED_SWIFT_STANDARD_LIBRARIES = YES;
				CODE_SIGN_STYLE = Automatic;
				INFOPLIST_FILE = DemoGifBrowserUITests/Info.plist;
				LD_RUNPATH_SEARCH_PATHS = (
					"$(inherited)",
					"@executable_path/Frameworks",
					"@loader_path/Frameworks",
				);
				PRODUCT_BUNDLE_IDENTIFIER = maxxx.DemoGifBrowserUITests;
				PRODUCT_NAME = "$(TARGET_NAME)";
				SWIFT_VERSION = 4.0;
				TARGETED_DEVICE_FAMILY = "1,2";
				TEST_TARGET_NAME = DemoGifBrowser;
			};
			name = Debug;
		};
		75C43CD920FA5CAF00C14091 /* Release */ = {
			isa = XCBuildConfiguration;
			baseConfigurationReference = F1D7C8AFA085768D0534AA88 /* Pods-DemoGifBrowserUITests.release.xcconfig */;
			buildSettings = {
				ALWAYS_EMBED_SWIFT_STANDARD_LIBRARIES = YES;
				CODE_SIGN_STYLE = Automatic;
				INFOPLIST_FILE = DemoGifBrowserUITests/Info.plist;
				LD_RUNPATH_SEARCH_PATHS = (
					"$(inherited)",
					"@executable_path/Frameworks",
					"@loader_path/Frameworks",
				);
				PRODUCT_BUNDLE_IDENTIFIER = maxxx.DemoGifBrowserUITests;
				PRODUCT_NAME = "$(TARGET_NAME)";
				SWIFT_VERSION = 4.0;
				TARGETED_DEVICE_FAMILY = "1,2";
				TEST_TARGET_NAME = DemoGifBrowser;
			};
			name = Release;
		};
/* End XCBuildConfiguration section */

/* Begin XCConfigurationList section */
		75C43CA420FA5CAB00C14091 /* Build configuration list for PBXProject "DemoGifBrowser" */ = {
			isa = XCConfigurationList;
			buildConfigurations = (
				75C43CCF20FA5CAF00C14091 /* Debug */,
				75C43CD020FA5CAF00C14091 /* Release */,
			);
			defaultConfigurationIsVisible = 0;
			defaultConfigurationName = Release;
		};
		75C43CD120FA5CAF00C14091 /* Build configuration list for PBXNativeTarget "DemoGifBrowser" */ = {
			isa = XCConfigurationList;
			buildConfigurations = (
				75C43CD220FA5CAF00C14091 /* Debug */,
				75C43CD320FA5CAF00C14091 /* Release */,
			);
			defaultConfigurationIsVisible = 0;
			defaultConfigurationName = Release;
		};
		75C43CD420FA5CAF00C14091 /* Build configuration list for PBXNativeTarget "DemoGifBrowserTests" */ = {
			isa = XCConfigurationList;
			buildConfigurations = (
				75C43CD520FA5CAF00C14091 /* Debug */,
				75C43CD620FA5CAF00C14091 /* Release */,
			);
			defaultConfigurationIsVisible = 0;
			defaultConfigurationName = Release;
		};
		75C43CD720FA5CAF00C14091 /* Build configuration list for PBXNativeTarget "DemoGifBrowserUITests" */ = {
			isa = XCConfigurationList;
			buildConfigurations = (
				75C43CD820FA5CAF00C14091 /* Debug */,
				75C43CD920FA5CAF00C14091 /* Release */,
			);
			defaultConfigurationIsVisible = 0;
			defaultConfigurationName = Release;
		};
/* End XCConfigurationList section */
	};
	rootObject = 75C43CA120FA5CAB00C14091 /* Project object */;
}
